# THIS IS AN AUTOGENERATED FILE. DO NOT EDIT THIS FILE DIRECTLY.
# yarn lockfile v1


hono@^3.2.7:
  version "3.2.7"
  resolved "https://registry.yarnpkg.com/hono/-/hono-3.2.7.tgz#8a5ba1a0d6d0cbe8df7bc134c7d10c3dbe1f901b"
  integrity sha512-7YCF9t4oMF3L3ghvcmlEBx2hoC9VyBBLuVrPZiOkU7PtFBrnQtkFEnYCRcPKCJiMoXHX3bDhU9R3HQbw+WnQJg==
